
Microsoft Visual Studio Solution File, Format Version 12.00
# Visual Studio Version 17
VisualStudioVersion = 17.11.35219.272
MinimumVisualStudioVersion = 10.0.40219.1
Project("{FAE04EC0-301F-11D3-BF4B-00C04F79EFBC}") = "Moody", "MoodyApp\Moody.csproj", "{30471277-3480-4EEB-9F62-7918F6512202}"
EndProject
Project("{FAE04EC0-301F-11D3-BF4B-00C04F79EFBC}") = "DataAccessLayer", "DataAccessLayer\DataAccessLayer.csproj", "{053A45DB-4657-4EAB-858A-EC36CA03D017}"
EndProject
Global
	GlobalSection(SolutionConfigurationPlatforms) = preSolution
		Debug|Any CPU = Debug|Any CPU
		Release|Any CPU = Release|Any CPU
	EndGlobalSection
	GlobalSection(ProjectConfigurationPlatforms) = postSolution
		{30471277-3480-4EEB-9F62-7918F6512202}.Debug|Any CPU.ActiveCfg = Debug|Any CPU
		{30471277-3480-4EEB-9F62-7918F6512202}.Debug|Any CPU.Build.0 = Debug|Any CPU
		{30471277-3480-4EEB-9F62-7918F6512202}.Release|Any CPU.ActiveCfg = Release|Any CPU
		{30471277-3480-4EEB-9F62-7918F6512202}.Release|Any CPU.Build.0 = Release|Any CPU
		{053A45DB-4657-4EAB-858A-EC36CA03D017}.Debug|Any CPU.ActiveCfg = Debug|Any CPU
		{053A45DB-4657-4EAB-858A-EC36CA03D017}.Debug|Any CPU.Build.0 = Debug|Any CPU
		{053A45DB-4657-4EAB-858A-EC36CA03D017}.Release|Any CPU.ActiveCfg = Release|Any CPU
		{053A45DB-4657-4EAB-858A-EC36CA03D017}.Release|Any CPU.Build.0 = Release|Any CPU
	EndGlobalSection
	GlobalSection(SolutionProperties) = preSolution
		HideSolutionNode = FALSE
	EndGlobalSection
	GlobalSection(ExtensibilityGlobals) = postSolution
		SolutionGuid = {0CE579C5-D7A6-4A06-BBC8-4EAEC8298C0C}
	EndGlobalSection
EndGlobal
